
Microsoft Visual Studio Solution File, Format Version 12.00
# Visual Studio Version 17
VisualStudioVersion = 17.7.34202.233
MinimumVisualStudioVersion = 10.0.40219.1
Project("{FAE04EC0-301F-11D3-BF4B-00C04F79EFBC}") = "DemoApi", "DemoApi.csproj", "{90710318-A908-40FC-B63D-D4E42BD9094B}"
EndProject
Global
	GlobalSection(SolutionConfigurationPlatforms) = preSolution
		Debug|Any CPU = Debug|Any CPU
		Release|Any CPU = Release|Any CPU
	EndGlobalSection
	GlobalSection(ProjectConfigurationPlatforms) = postSolution
		{90710318-A908-40FC-B63D-D4E42BD9094B}.Debug|Any CPU.ActiveCfg = Debug|Any CPU
		{90710318-A908-40FC-B63D-D4E42BD9094B}.Debug|Any CPU.Build.0 = Debug|Any CPU
		{90710318-A908-40FC-B63D-D4E42BD9094B}.Release|Any CPU.ActiveCfg = Release|Any CPU
		{90710318-A908-40FC-B63D-D4E42BD9094B}.Release|Any CPU.Build.0 = Release|Any CPU
	EndGlobalSection
	GlobalSection(SolutionProperties) = preSolution
		HideSolutionNode = FALSE
	EndGlobalSection
	GlobalSection(ExtensibilityGlobals) = postSolution
		SolutionGuid = {3733394F-62E6-4BE0-A0B2-AA94BA32291F}
	EndGlobalSection
EndGlobal
